
Microsoft Visual Studio Solution File, Format Version 12.00
# Visual Studio Version 16
VisualStudioVersion = 16.0.31005.135
MinimumVisualStudioVersion = 10.0.40219.1
Project("{FAE04EC0-301F-11D3-BF4B-00C04F79EFBC}") = "McSharesApp", "McSharesApp\McSharesApp.csproj", "{77F2CD7A-8BDC-4E76-A4D7-29D0F6EDA8F8}"
EndProject
Global
	GlobalSection(SolutionConfigurationPlatforms) = preSolution
		Debug|Any CPU = Debug|Any CPU
		Release|Any CPU = Release|Any CPU
	EndGlobalSection
	GlobalSection(ProjectConfigurationPlatforms) = postSolution
		{77F2CD7A-8BDC-4E76-A4D7-29D0F6EDA8F8}.Debug|Any CPU.ActiveCfg = Debug|Any CPU
		{77F2CD7A-8BDC-4E76-A4D7-29D0F6EDA8F8}.Debug|Any CPU.Build.0 = Debug|Any CPU
		{77F2CD7A-8BDC-4E76-A4D7-29D0F6EDA8F8}.Release|Any CPU.ActiveCfg = Release|Any CPU
		{77F2CD7A-8BDC-4E76-A4D7-29D0F6EDA8F8}.Release|Any CPU.Build.0 = Release|Any CPU
	EndGlobalSection
	GlobalSection(SolutionProperties) = preSolution
		HideSolutionNode = FALSE
	EndGlobalSection
	GlobalSection(ExtensibilityGlobals) = postSolution
		SolutionGuid = {045894C5-8902-4B40-8383-9A3C47CB813A}
	EndGlobalSection
EndGlobal
